
Microsoft Visual Studio Solution File, Format Version 12.00
# Visual Studio 2012
Project("{2150E333-8FDC-42A3-9474-1A3956D46DE8}") = ".nuget", ".nuget", "{EEDBCB9A-529C-4F26-9D7F-FB8CB3D4217F}"
	ProjectSection(SolutionItems) = preProject
		.nuget\NuGet.Config = .nuget\NuGet.Config
		.nuget\NuGet.exe = .nuget\NuGet.exe
		.nuget\NuGet.targets = .nuget\NuGet.targets
	EndProjectSection
EndProject
Project("{2150E333-8FDC-42A3-9474-1A3956D46DE8}") = "Solution Items", "Solution Items", "{DCD68736-951B-4C09-BC66-F29F8DF025CC}"
	ProjectSection(SolutionItems) = preProject
		nuget.config = nuget.config
	EndProjectSection
EndProject
Project("{FAE04EC0-301F-11D3-BF4B-00C04F79EFBC}") = "Factorials", "Factorials\Factorials.csproj", "{4247C822-2C87-4FB6-9C66-9CD25AB40AF3}"
EndProject
Project("{FAE04EC0-301F-11D3-BF4B-00C04F79EFBC}") = "Factorials.Tests", "Factorials.Tests\Factorials.Tests.csproj", "{708F9873-C0B4-433E-83A7-85F8EAB8E238}"
EndProject
Project("{FAE04EC0-301F-11D3-BF4B-00C04F79EFBC}") = "Fibonacci", "Fibonacci\Fibonacci.csproj", "{30D8A495-05C7-4B89-BD71-EF939CF69E2A}"
EndProject
Project("{FAE04EC0-301F-11D3-BF4B-00C04F79EFBC}") = "Fibonacci.Tests", "Fibonacci.Tests\Fibonacci.Tests.csproj", "{5EDC330D-1A02-48E4-A69E-8B2CFC09274F}"
EndProject
Project("{FAE04EC0-301F-11D3-BF4B-00C04F79EFBC}") = "ContinuationMonad", "ContinuationMonad\ContinuationMonad.csproj", "{CAF5D76E-036D-449D-AFAD-E49D30A40936}"
EndProject
Project("{FAE04EC0-301F-11D3-BF4B-00C04F79EFBC}") = "ContinuationMonad.Tests", "ContinuationMonad.Tests\ContinuationMonad.Tests.csproj", "{B81758A1-3584-4ED0-819C-BEDAFB2367F2}"
EndProject
Global
	GlobalSection(SolutionConfigurationPlatforms) = preSolution
		Debug|Any CPU = Debug|Any CPU
		Release|Any CPU = Release|Any CPU
	EndGlobalSection
	GlobalSection(ProjectConfigurationPlatforms) = postSolution
		{4247C822-2C87-4FB6-9C66-9CD25AB40AF3}.Debug|Any CPU.ActiveCfg = Debug|Any CPU
		{4247C822-2C87-4FB6-9C66-9CD25AB40AF3}.Debug|Any CPU.Build.0 = Debug|Any CPU
		{4247C822-2C87-4FB6-9C66-9CD25AB40AF3}.Release|Any CPU.ActiveCfg = Release|Any CPU
		{4247C822-2C87-4FB6-9C66-9CD25AB40AF3}.Release|Any CPU.Build.0 = Release|Any CPU
		{708F9873-C0B4-433E-83A7-85F8EAB8E238}.Debug|Any CPU.ActiveCfg = Debug|Any CPU
		{708F9873-C0B4-433E-83A7-85F8EAB8E238}.Debug|Any CPU.Build.0 = Debug|Any CPU
		{708F9873-C0B4-433E-83A7-85F8EAB8E238}.Release|Any CPU.ActiveCfg = Release|Any CPU
		{708F9873-C0B4-433E-83A7-85F8EAB8E238}.Release|Any CPU.Build.0 = Release|Any CPU
		{30D8A495-05C7-4B89-BD71-EF939CF69E2A}.Debug|Any CPU.ActiveCfg = Debug|Any CPU
		{30D8A495-05C7-4B89-BD71-EF939CF69E2A}.Debug|Any CPU.Build.0 = Debug|Any CPU
		{30D8A495-05C7-4B89-BD71-EF939CF69E2A}.Release|Any CPU.ActiveCfg = Release|Any CPU
		{30D8A495-05C7-4B89-BD71-EF939CF69E2A}.Release|Any CPU.Build.0 = Release|Any CPU
		{5EDC330D-1A02-48E4-A69E-8B2CFC09274F}.Debug|Any CPU.ActiveCfg = Debug|Any CPU
		{5EDC330D-1A02-48E4-A69E-8B2CFC09274F}.Debug|Any CPU.Build.0 = Debug|Any CPU
		{5EDC330D-1A02-48E4-A69E-8B2CFC09274F}.Release|Any CPU.ActiveCfg = Release|Any CPU
		{5EDC330D-1A02-48E4-A69E-8B2CFC09274F}.Release|Any CPU.Build.0 = Release|Any CPU
		{CAF5D76E-036D-449D-AFAD-E49D30A40936}.Debug|Any CPU.ActiveCfg = Debug|Any CPU
		{CAF5D76E-036D-449D-AFAD-E49D30A40936}.Debug|Any CPU.Build.0 = Debug|Any CPU
		{CAF5D76E-036D-449D-AFAD-E49D30A40936}.Release|Any CPU.ActiveCfg = Release|Any CPU
		{CAF5D76E-036D-449D-AFAD-E49D30A40936}.Release|Any CPU.Build.0 = Release|Any CPU
		{B81758A1-3584-4ED0-819C-BEDAFB2367F2}.Debug|Any CPU.ActiveCfg = Debug|Any CPU
		{B81758A1-3584-4ED0-819C-BEDAFB2367F2}.Debug|Any CPU.Build.0 = Debug|Any CPU
		{B81758A1-3584-4ED0-819C-BEDAFB2367F2}.Release|Any CPU.ActiveCfg = Release|Any CPU
		{B81758A1-3584-4ED0-819C-BEDAFB2367F2}.Release|Any CPU.Build.0 = Release|Any CPU
	EndGlobalSection
	GlobalSection(SolutionProperties) = preSolution
		HideSolutionNode = FALSE
	EndGlobalSection
EndGlobal
